
Microsoft Visual Studio Solution File, Format Version 12.00
# Visual Studio 14
VisualStudioVersion = 14.0.24720.0
MinimumVisualStudioVersion = 10.0.40219.1
Project("{FAE04EC0-301F-11D3-BF4B-00C04F79EFBC}") = "PK", "PK\PK.csproj", "{E3ABB227-3ABC-49D0-B80E-8C60EE894DAA}"
EndProject
Project("{FAE04EC0-301F-11D3-BF4B-00C04F79EFBC}") = "SitePost", "Site_Post\SitePost.csproj", "{7BD1DFA0-9789-469A-BB80-532D72EC6B5E}"
EndProject
Global
	GlobalSection(SolutionConfigurationPlatforms) = preSolution
		Debug|Any CPU = Debug|Any CPU
		Release|Any CPU = Release|Any CPU
	EndGlobalSection
	GlobalSection(ProjectConfigurationPlatforms) = postSolution
		{E3ABB227-3ABC-49D0-B80E-8C60EE894DAA}.Debug|Any CPU.ActiveCfg = Debug|Any CPU
		{E3ABB227-3ABC-49D0-B80E-8C60EE894DAA}.Debug|Any CPU.Build.0 = Debug|Any CPU
		{E3ABB227-3ABC-49D0-B80E-8C60EE894DAA}.Release|Any CPU.ActiveCfg = Release|Any CPU
		{E3ABB227-3ABC-49D0-B80E-8C60EE894DAA}.Release|Any CPU.Build.0 = Release|Any CPU
		{7BD1DFA0-9789-469A-BB80-532D72EC6B5E}.Debug|Any CPU.ActiveCfg = Debug|Any CPU
		{7BD1DFA0-9789-469A-BB80-532D72EC6B5E}.Debug|Any CPU.Build.0 = Debug|Any CPU
		{7BD1DFA0-9789-469A-BB80-532D72EC6B5E}.Release|Any CPU.ActiveCfg = Release|Any CPU
		{7BD1DFA0-9789-469A-BB80-532D72EC6B5E}.Release|Any CPU.Build.0 = Release|Any CPU
	EndGlobalSection
	GlobalSection(SolutionProperties) = preSolution
		HideSolutionNode = FALSE
	EndGlobalSection
EndGlobal
