
Microsoft Visual Studio Solution File, Format Version 12.00
# Visual Studio 14
VisualStudioVersion = 14.0.25420.1
MinimumVisualStudioVersion = 10.0.40219.1
Project("{FAE04EC0-301F-11D3-BF4B-00C04F79EFBC}") = "PK", "PK\PK.csproj", "{E3ABB227-3ABC-49D0-B80E-8C60EE894DAA}"
	ProjectSection(ProjectDependencies) = postProject
		{1700DAD0-594E-4512-87CE-0D6F149E6EEF} = {1700DAD0-594E-4512-87CE-0D6F149E6EEF}
	EndProjectSection
EndProject
Project("{FAE04EC0-301F-11D3-BF4B-00C04F79EFBC}") = "SitePost", "Site_Post\SitePost.csproj", "{7BD1DFA0-9789-469A-BB80-532D72EC6B5E}"
	ProjectSection(ProjectDependencies) = postProject
		{1700DAD0-594E-4512-87CE-0D6F149E6EEF} = {1700DAD0-594E-4512-87CE-0D6F149E6EEF}
	EndProjectSection
EndProject
Project("{FAE04EC0-301F-11D3-BF4B-00C04F79EFBC}") = "FIS_Exporter", "FIS_Exporter\FIS_Exporter.csproj", "{3391E685-1D7E-4458-88E2-751324D79B79}"
	ProjectSection(ProjectDependencies) = postProject
		{1700DAD0-594E-4512-87CE-0D6F149E6EEF} = {1700DAD0-594E-4512-87CE-0D6F149E6EEF}
	EndProjectSection
EndProject
Project("{FAE04EC0-301F-11D3-BF4B-00C04F79EFBC}") = "SharedClasses", "SharedClasses\SharedClasses.csproj", "{1700DAD0-594E-4512-87CE-0D6F149E6EEF}"
EndProject
Project("{2150E333-8FDC-42A3-9474-1A3956D46DE8}") = "Resources", "Resources", "{38017AE8-12D4-42F0-A14E-BF8F4B64BBAA}"
	ProjectSection(SolutionItems) = preProject
		SharedResources\logo.ico = SharedResources\logo.ico
		SharedResources\logo_export.ico = SharedResources\logo_export.ico
	EndProjectSection
EndProject
Global
	GlobalSection(SolutionConfigurationPlatforms) = preSolution
		Debug|Any CPU = Debug|Any CPU
		Release|Any CPU = Release|Any CPU
	EndGlobalSection
	GlobalSection(ProjectConfigurationPlatforms) = postSolution
		{E3ABB227-3ABC-49D0-B80E-8C60EE894DAA}.Debug|Any CPU.ActiveCfg = Debug|Any CPU
		{E3ABB227-3ABC-49D0-B80E-8C60EE894DAA}.Debug|Any CPU.Build.0 = Debug|Any CPU
		{E3ABB227-3ABC-49D0-B80E-8C60EE894DAA}.Release|Any CPU.ActiveCfg = Release|Any CPU
		{E3ABB227-3ABC-49D0-B80E-8C60EE894DAA}.Release|Any CPU.Build.0 = Release|Any CPU
		{7BD1DFA0-9789-469A-BB80-532D72EC6B5E}.Debug|Any CPU.ActiveCfg = Debug|Any CPU
		{7BD1DFA0-9789-469A-BB80-532D72EC6B5E}.Debug|Any CPU.Build.0 = Debug|Any CPU
		{7BD1DFA0-9789-469A-BB80-532D72EC6B5E}.Release|Any CPU.ActiveCfg = Release|Any CPU
		{7BD1DFA0-9789-469A-BB80-532D72EC6B5E}.Release|Any CPU.Build.0 = Release|Any CPU
		{3391E685-1D7E-4458-88E2-751324D79B79}.Debug|Any CPU.ActiveCfg = Debug|Any CPU
		{3391E685-1D7E-4458-88E2-751324D79B79}.Debug|Any CPU.Build.0 = Debug|Any CPU
		{3391E685-1D7E-4458-88E2-751324D79B79}.Release|Any CPU.ActiveCfg = Release|Any CPU
		{3391E685-1D7E-4458-88E2-751324D79B79}.Release|Any CPU.Build.0 = Release|Any CPU
		{1700DAD0-594E-4512-87CE-0D6F149E6EEF}.Debug|Any CPU.ActiveCfg = Debug|Any CPU
		{1700DAD0-594E-4512-87CE-0D6F149E6EEF}.Debug|Any CPU.Build.0 = Debug|Any CPU
		{1700DAD0-594E-4512-87CE-0D6F149E6EEF}.Release|Any CPU.ActiveCfg = Release|Any CPU
		{1700DAD0-594E-4512-87CE-0D6F149E6EEF}.Release|Any CPU.Build.0 = Release|Any CPU
	EndGlobalSection
	GlobalSection(SolutionProperties) = preSolution
		HideSolutionNode = FALSE
	EndGlobalSection
EndGlobal
